
Microsoft Visual Studio Solution File, Format Version 12.00
# Visual Studio 15
VisualStudioVersion = 15.0.27428.2043
MinimumVisualStudioVersion = 10.0.40219.1
Project("{FAE04EC0-301F-11D3-BF4B-00C04F79EFBC}") = "Projekt_Ver_2_0", "Projekt_Ver_2_0\Projekt_Ver_2_0.csproj", "{716212A9-5324-40B4-A1AD-9EFDDD371035}"
EndProject
Project("{FAE04EC0-301F-11D3-BF4B-00C04F79EFBC}") = "Projekt.ViewModel", "Projekt.ViewModel\Projekt.ViewModel.csproj", "{92D5DF6D-7B1E-41E3-9DEF-F25A12EB265E}"
EndProject
Project("{FAE04EC0-301F-11D3-BF4B-00C04F79EFBC}") = "Projekt.Model", "Projekt.Model\Projekt.Model.csproj", "{11CFCCFE-F415-44F0-BF06-FDD31F2BC589}"
EndProject
Project("{FAE04EC0-301F-11D3-BF4B-00C04F79EFBC}") = "Projekt.CommonInterfaces", "Projekt.CommonInterfaces\Projekt.CommonInterfaces.csproj", "{85EE73DB-B8D7-4213-A147-AAD7072AC44F}"
EndProject
Project("{FAE04EC0-301F-11D3-BF4B-00C04F79EFBC}") = "Projekt.Cmd", "Projekt.Cmd\Projekt.Cmd.csproj", "{098A4DB8-480B-4F6F-B45F-D4071D0AACCE}"
	ProjectSection(ProjectDependencies) = postProject
		{92D5DF6D-7B1E-41E3-9DEF-F25A12EB265E} = {92D5DF6D-7B1E-41E3-9DEF-F25A12EB265E}
	EndProjectSection
EndProject
Project("{FAE04EC0-301F-11D3-BF4B-00C04F79EFBC}") = "Projekt.Logger", "Projekt.Logger\Projekt.Logger.csproj", "{C99CD111-CAA9-4096-B612-20D7F135CADD}"
EndProject
Project("{FAE04EC0-301F-11D3-BF4B-00C04F79EFBC}") = "Projekt.Composition", "Projekt.Composition\Projekt.Composition.csproj", "{1B9606BD-3633-4268-AC1D-2072EC3296ED}"
EndProject
Project("{FAE04EC0-301F-11D3-BF4B-00C04F79EFBC}") = "Projekt.Database", "Projekt.Database\Projekt.Database.csproj", "{376CAF6B-2B77-4678-ABAC-FBB230C27E7B}"
EndProject
Project("{FAE04EC0-301F-11D3-BF4B-00C04F79EFBC}") = "Projekt.Composition.UnitTest", "Projekt.Composition.UnitTest\Projekt.Composition.UnitTest.csproj", "{7B3C51F6-BDC1-4F7A-AD48-96E28AEDBD1E}"
EndProject
Project("{FAE04EC0-301F-11D3-BF4B-00C04F79EFBC}") = "Projekt.ViewModel.UnitTest", "Projekt.ViewModel.UnitTest\Projekt.ViewModel.UnitTest.csproj", "{EAA51324-943B-4CD1-9B91-72AE44346508}"
EndProject
Project("{FAE04EC0-301F-11D3-BF4B-00C04F79EFBC}") = "Projekt.Database.UnitTest", "Projekt.Database.UnitTest\Projekt.Database.UnitTest.csproj", "{A0BA3D2E-8B86-4C5D-8FC5-5D3BF16B390B}"
EndProject
Project("{FAE04EC0-301F-11D3-BF4B-00C04F79EFBC}") = "Projekt.Database.Model", "Projekt.Database.Model\Projekt.Database.Model.csproj", "{5DD8F92A-549E-47A9-A4F5-1EF51CF7DAE6}"
EndProject
Project("{FAE04EC0-301F-11D3-BF4B-00C04F79EFBC}") = "Projekt.Logic", "Projekt.Logic\Projekt.Logic.csproj", "{9069D2A2-4C3D-47A2-B3F9-D08918AF2EFA}"
EndProject
Project("{FAE04EC0-301F-11D3-BF4B-00C04F79EFBC}") = "Projekt.JSONSerializer", "Projekt.JSONSerializer\Projekt.JSONSerializer.csproj", "{C5F34377-97D2-4ABD-94C4-7A1F3FDB11DA}"
EndProject
Project("{FAE04EC0-301F-11D3-BF4B-00C04F79EFBC}") = "Projekt.JSONSerializer.Model", "Projekt.JSONSerializer.Model\Projekt.JSONSerializer.Model.csproj", "{AA3F29FA-AE47-4067-B3D3-A718F920688E}"
EndProject
Project("{FAE04EC0-301F-11D3-BF4B-00C04F79EFBC}") = "Projekt.Logic.UnitTest", "Projekt.Logic.UnitTest\Projekt.Logic.UnitTest.csproj", "{2A605643-57A1-4D5D-AEE7-D2B98ED670C4}"
EndProject
Project("{FAE04EC0-301F-11D3-BF4B-00C04F79EFBC}") = "Projekt.JSONSerializer.UnitTest", "Projekt.JSONSerializer.UnitTest\Projekt.JSONSerializer.UnitTest.csproj", "{173B4F41-7C8D-4AB2-AA23-A3798A241DDE}"
EndProject
Global
	GlobalSection(SolutionConfigurationPlatforms) = preSolution
		Debug|Any CPU = Debug|Any CPU
		Debug|ARM = Debug|ARM
		Debug|x64 = Debug|x64
		Debug|x86 = Debug|x86
		Release|Any CPU = Release|Any CPU
		Release|ARM = Release|ARM
		Release|x64 = Release|x64
		Release|x86 = Release|x86
	EndGlobalSection
	GlobalSection(ProjectConfigurationPlatforms) = postSolution
		{716212A9-5324-40B4-A1AD-9EFDDD371035}.Debug|Any CPU.ActiveCfg = Debug|Any CPU
		{716212A9-5324-40B4-A1AD-9EFDDD371035}.Debug|Any CPU.Build.0 = Debug|Any CPU
		{716212A9-5324-40B4-A1AD-9EFDDD371035}.Debug|ARM.ActiveCfg = Debug|Any CPU
		{716212A9-5324-40B4-A1AD-9EFDDD371035}.Debug|ARM.Build.0 = Debug|Any CPU
		{716212A9-5324-40B4-A1AD-9EFDDD371035}.Debug|x64.ActiveCfg = Debug|Any CPU
		{716212A9-5324-40B4-A1AD-9EFDDD371035}.Debug|x64.Build.0 = Debug|Any CPU
		{716212A9-5324-40B4-A1AD-9EFDDD371035}.Debug|x86.ActiveCfg = Debug|Any CPU
		{716212A9-5324-40B4-A1AD-9EFDDD371035}.Debug|x86.Build.0 = Debug|Any CPU
		{716212A9-5324-40B4-A1AD-9EFDDD371035}.Release|Any CPU.ActiveCfg = Release|Any CPU
		{716212A9-5324-40B4-A1AD-9EFDDD371035}.Release|Any CPU.Build.0 = Release|Any CPU
		{716212A9-5324-40B4-A1AD-9EFDDD371035}.Release|ARM.ActiveCfg = Release|Any CPU
		{716212A9-5324-40B4-A1AD-9EFDDD371035}.Release|ARM.Build.0 = Release|Any CPU
		{716212A9-5324-40B4-A1AD-9EFDDD371035}.Release|x64.ActiveCfg = Release|Any CPU
		{716212A9-5324-40B4-A1AD-9EFDDD371035}.Release|x64.Build.0 = Release|Any CPU
		{716212A9-5324-40B4-A1AD-9EFDDD371035}.Release|x86.ActiveCfg = Release|Any CPU
		{716212A9-5324-40B4-A1AD-9EFDDD371035}.Release|x86.Build.0 = Release|Any CPU
		{92D5DF6D-7B1E-41E3-9DEF-F25A12EB265E}.Debug|Any CPU.ActiveCfg = Debug|Any CPU
		{92D5DF6D-7B1E-41E3-9DEF-F25A12EB265E}.Debug|Any CPU.Build.0 = Debug|Any CPU
		{92D5DF6D-7B1E-41E3-9DEF-F25A12EB265E}.Debug|ARM.ActiveCfg = Debug|Any CPU
		{92D5DF6D-7B1E-41E3-9DEF-F25A12EB265E}.Debug|ARM.Build.0 = Debug|Any CPU
		{92D5DF6D-7B1E-41E3-9DEF-F25A12EB265E}.Debug|x64.ActiveCfg = Debug|Any CPU
		{92D5DF6D-7B1E-41E3-9DEF-F25A12EB265E}.Debug|x64.Build.0 = Debug|Any CPU
		{92D5DF6D-7B1E-41E3-9DEF-F25A12EB265E}.Debug|x86.ActiveCfg = Debug|Any CPU
		{92D5DF6D-7B1E-41E3-9DEF-F25A12EB265E}.Debug|x86.Build.0 = Debug|Any CPU
		{92D5DF6D-7B1E-41E3-9DEF-F25A12EB265E}.Release|Any CPU.ActiveCfg = Release|Any CPU
		{92D5DF6D-7B1E-41E3-9DEF-F25A12EB265E}.Release|Any CPU.Build.0 = Release|Any CPU
		{92D5DF6D-7B1E-41E3-9DEF-F25A12EB265E}.Release|ARM.ActiveCfg = Release|Any CPU
		{92D5DF6D-7B1E-41E3-9DEF-F25A12EB265E}.Release|ARM.Build.0 = Release|Any CPU
		{92D5DF6D-7B1E-41E3-9DEF-F25A12EB265E}.Release|x64.ActiveCfg = Release|Any CPU
		{92D5DF6D-7B1E-41E3-9DEF-F25A12EB265E}.Release|x64.Build.0 = Release|Any CPU
		{92D5DF6D-7B1E-41E3-9DEF-F25A12EB265E}.Release|x86.ActiveCfg = Release|Any CPU
		{92D5DF6D-7B1E-41E3-9DEF-F25A12EB265E}.Release|x86.Build.0 = Release|Any CPU
		{11CFCCFE-F415-44F0-BF06-FDD31F2BC589}.Debug|Any CPU.ActiveCfg = Debug|Any CPU
		{11CFCCFE-F415-44F0-BF06-FDD31F2BC589}.Debug|Any CPU.Build.0 = Debug|Any CPU
		{11CFCCFE-F415-44F0-BF06-FDD31F2BC589}.Debug|ARM.ActiveCfg = Debug|Any CPU
		{11CFCCFE-F415-44F0-BF06-FDD31F2BC589}.Debug|ARM.Build.0 = Debug|Any CPU
		{11CFCCFE-F415-44F0-BF06-FDD31F2BC589}.Debug|x64.ActiveCfg = Debug|Any CPU
		{11CFCCFE-F415-44F0-BF06-FDD31F2BC589}.Debug|x64.Build.0 = Debug|Any CPU
		{11CFCCFE-F415-44F0-BF06-FDD31F2BC589}.Debug|x86.ActiveCfg = Debug|Any CPU
		{11CFCCFE-F415-44F0-BF06-FDD31F2BC589}.Debug|x86.Build.0 = Debug|Any CPU
		{11CFCCFE-F415-44F0-BF06-FDD31F2BC589}.Release|Any CPU.ActiveCfg = Release|Any CPU
		{11CFCCFE-F415-44F0-BF06-FDD31F2BC589}.Release|Any CPU.Build.0 = Release|Any CPU
		{11CFCCFE-F415-44F0-BF06-FDD31F2BC589}.Release|ARM.ActiveCfg = Release|Any CPU
		{11CFCCFE-F415-44F0-BF06-FDD31F2BC589}.Release|ARM.Build.0 = Release|Any CPU
		{11CFCCFE-F415-44F0-BF06-FDD31F2BC589}.Release|x64.ActiveCfg = Release|Any CPU
		{11CFCCFE-F415-44F0-BF06-FDD31F2BC589}.Release|x64.Build.0 = Release|Any CPU
		{11CFCCFE-F415-44F0-BF06-FDD31F2BC589}.Release|x86.ActiveCfg = Release|Any CPU
		{11CFCCFE-F415-44F0-BF06-FDD31F2BC589}.Release|x86.Build.0 = Release|Any CPU
		{85EE73DB-B8D7-4213-A147-AAD7072AC44F}.Debug|Any CPU.ActiveCfg = Debug|Any CPU
		{85EE73DB-B8D7-4213-A147-AAD7072AC44F}.Debug|Any CPU.Build.0 = Debug|Any CPU
		{85EE73DB-B8D7-4213-A147-AAD7072AC44F}.Debug|ARM.ActiveCfg = Debug|Any CPU
		{85EE73DB-B8D7-4213-A147-AAD7072AC44F}.Debug|ARM.Build.0 = Debug|Any CPU
		{85EE73DB-B8D7-4213-A147-AAD7072AC44F}.Debug|x64.ActiveCfg = Debug|Any CPU
		{85EE73DB-B8D7-4213-A147-AAD7072AC44F}.Debug|x64.Build.0 = Debug|Any CPU
		{85EE73DB-B8D7-4213-A147-AAD7072AC44F}.Debug|x86.ActiveCfg = Debug|Any CPU
		{85EE73DB-B8D7-4213-A147-AAD7072AC44F}.Debug|x86.Build.0 = Debug|Any CPU
		{85EE73DB-B8D7-4213-A147-AAD7072AC44F}.Release|Any CPU.ActiveCfg = Release|Any CPU
		{85EE73DB-B8D7-4213-A147-AAD7072AC44F}.Release|Any CPU.Build.0 = Release|Any CPU
		{85EE73DB-B8D7-4213-A147-AAD7072AC44F}.Release|ARM.ActiveCfg = Release|Any CPU
		{85EE73DB-B8D7-4213-A147-AAD7072AC44F}.Release|ARM.Build.0 = Release|Any CPU
		{85EE73DB-B8D7-4213-A147-AAD7072AC44F}.Release|x64.ActiveCfg = Release|Any CPU
		{85EE73DB-B8D7-4213-A147-AAD7072AC44F}.Release|x64.Build.0 = Release|Any CPU
		{85EE73DB-B8D7-4213-A147-AAD7072AC44F}.Release|x86.ActiveCfg = Release|Any CPU
		{85EE73DB-B8D7-4213-A147-AAD7072AC44F}.Release|x86.Build.0 = Release|Any CPU
		{098A4DB8-480B-4F6F-B45F-D4071D0AACCE}.Debug|Any CPU.ActiveCfg = Debug|Any CPU
		{098A4DB8-480B-4F6F-B45F-D4071D0AACCE}.Debug|Any CPU.Build.0 = Debug|Any CPU
		{098A4DB8-480B-4F6F-B45F-D4071D0AACCE}.Debug|ARM.ActiveCfg = Debug|Any CPU
		{098A4DB8-480B-4F6F-B45F-D4071D0AACCE}.Debug|ARM.Build.0 = Debug|Any CPU
		{098A4DB8-480B-4F6F-B45F-D4071D0AACCE}.Debug|x64.ActiveCfg = Debug|Any CPU
		{098A4DB8-480B-4F6F-B45F-D4071D0AACCE}.Debug|x64.Build.0 = Debug|Any CPU
		{098A4DB8-480B-4F6F-B45F-D4071D0AACCE}.Debug|x86.ActiveCfg = Debug|Any CPU
		{098A4DB8-480B-4F6F-B45F-D4071D0AACCE}.Debug|x86.Build.0 = Debug|Any CPU
		{098A4DB8-480B-4F6F-B45F-D4071D0AACCE}.Release|Any CPU.ActiveCfg = Release|Any CPU
		{098A4DB8-480B-4F6F-B45F-D4071D0AACCE}.Release|Any CPU.Build.0 = Release|Any CPU
		{098A4DB8-480B-4F6F-B45F-D4071D0AACCE}.Release|ARM.ActiveCfg = Release|Any CPU
		{098A4DB8-480B-4F6F-B45F-D4071D0AACCE}.Release|ARM.Build.0 = Release|Any CPU
		{098A4DB8-480B-4F6F-B45F-D4071D0AACCE}.Release|x64.ActiveCfg = Release|Any CPU
		{098A4DB8-480B-4F6F-B45F-D4071D0AACCE}.Release|x64.Build.0 = Release|Any CPU
		{098A4DB8-480B-4F6F-B45F-D4071D0AACCE}.Release|x86.ActiveCfg = Release|Any CPU
		{098A4DB8-480B-4F6F-B45F-D4071D0AACCE}.Release|x86.Build.0 = Release|Any CPU
		{C99CD111-CAA9-4096-B612-20D7F135CADD}.Debug|Any CPU.ActiveCfg = Debug|Any CPU
		{C99CD111-CAA9-4096-B612-20D7F135CADD}.Debug|Any CPU.Build.0 = Debug|Any CPU
		{C99CD111-CAA9-4096-B612-20D7F135CADD}.Debug|ARM.ActiveCfg = Debug|Any CPU
		{C99CD111-CAA9-4096-B612-20D7F135CADD}.Debug|ARM.Build.0 = Debug|Any CPU
		{C99CD111-CAA9-4096-B612-20D7F135CADD}.Debug|x64.ActiveCfg = Debug|Any CPU
		{C99CD111-CAA9-4096-B612-20D7F135CADD}.Debug|x64.Build.0 = Debug|Any CPU
		{C99CD111-CAA9-4096-B612-20D7F135CADD}.Debug|x86.ActiveCfg = Debug|Any CPU
		{C99CD111-CAA9-4096-B612-20D7F135CADD}.Debug|x86.Build.0 = Debug|Any CPU
		{C99CD111-CAA9-4096-B612-20D7F135CADD}.Release|Any CPU.ActiveCfg = Release|Any CPU
		{C99CD111-CAA9-4096-B612-20D7F135CADD}.Release|Any CPU.Build.0 = Release|Any CPU
		{C99CD111-CAA9-4096-B612-20D7F135CADD}.Release|ARM.ActiveCfg = Release|Any CPU
		{C99CD111-CAA9-4096-B612-20D7F135CADD}.Release|ARM.Build.0 = Release|Any CPU
		{C99CD111-CAA9-4096-B612-20D7F135CADD}.Release|x64.ActiveCfg = Release|Any CPU
		{C99CD111-CAA9-4096-B612-20D7F135CADD}.Release|x64.Build.0 = Release|Any CPU
		{C99CD111-CAA9-4096-B612-20D7F135CADD}.Release|x86.ActiveCfg = Release|Any CPU
		{C99CD111-CAA9-4096-B612-20D7F135CADD}.Release|x86.Build.0 = Release|Any CPU
		{1B9606BD-3633-4268-AC1D-2072EC3296ED}.Debug|Any CPU.ActiveCfg = Debug|Any CPU
		{1B9606BD-3633-4268-AC1D-2072EC3296ED}.Debug|Any CPU.Build.0 = Debug|Any CPU
		{1B9606BD-3633-4268-AC1D-2072EC3296ED}.Debug|ARM.ActiveCfg = Debug|Any CPU
		{1B9606BD-3633-4268-AC1D-2072EC3296ED}.Debug|ARM.Build.0 = Debug|Any CPU
		{1B9606BD-3633-4268-AC1D-2072EC3296ED}.Debug|x64.ActiveCfg = Debug|Any CPU
		{1B9606BD-3633-4268-AC1D-2072EC3296ED}.Debug|x64.Build.0 = Debug|Any CPU
		{1B9606BD-3633-4268-AC1D-2072EC3296ED}.Debug|x86.ActiveCfg = Debug|Any CPU
		{1B9606BD-3633-4268-AC1D-2072EC3296ED}.Debug|x86.Build.0 = Debug|Any CPU
		{1B9606BD-3633-4268-AC1D-2072EC3296ED}.Release|Any CPU.ActiveCfg = Release|Any CPU
		{1B9606BD-3633-4268-AC1D-2072EC3296ED}.Release|Any CPU.Build.0 = Release|Any CPU
		{1B9606BD-3633-4268-AC1D-2072EC3296ED}.Release|ARM.ActiveCfg = Release|Any CPU
		{1B9606BD-3633-4268-AC1D-2072EC3296ED}.Release|ARM.Build.0 = Release|Any CPU
		{1B9606BD-3633-4268-AC1D-2072EC3296ED}.Release|x64.ActiveCfg = Release|Any CPU
		{1B9606BD-3633-4268-AC1D-2072EC3296ED}.Release|x64.Build.0 = Release|Any CPU
		{1B9606BD-3633-4268-AC1D-2072EC3296ED}.Release|x86.ActiveCfg = Release|Any CPU
		{1B9606BD-3633-4268-AC1D-2072EC3296ED}.Release|x86.Build.0 = Release|Any CPU
		{376CAF6B-2B77-4678-ABAC-FBB230C27E7B}.Debug|Any CPU.ActiveCfg = Debug|Any CPU
		{376CAF6B-2B77-4678-ABAC-FBB230C27E7B}.Debug|Any CPU.Build.0 = Debug|Any CPU
		{376CAF6B-2B77-4678-ABAC-FBB230C27E7B}.Debug|ARM.ActiveCfg = Debug|Any CPU
		{376CAF6B-2B77-4678-ABAC-FBB230C27E7B}.Debug|ARM.Build.0 = Debug|Any CPU
		{376CAF6B-2B77-4678-ABAC-FBB230C27E7B}.Debug|x64.ActiveCfg = Debug|Any CPU
		{376CAF6B-2B77-4678-ABAC-FBB230C27E7B}.Debug|x64.Build.0 = Debug|Any CPU
		{376CAF6B-2B77-4678-ABAC-FBB230C27E7B}.Debug|x86.ActiveCfg = Debug|Any CPU
		{376CAF6B-2B77-4678-ABAC-FBB230C27E7B}.Debug|x86.Build.0 = Debug|Any CPU
		{376CAF6B-2B77-4678-ABAC-FBB230C27E7B}.Release|Any CPU.ActiveCfg = Release|Any CPU
		{376CAF6B-2B77-4678-ABAC-FBB230C27E7B}.Release|Any CPU.Build.0 = Release|Any CPU
		{376CAF6B-2B77-4678-ABAC-FBB230C27E7B}.Release|ARM.ActiveCfg = Release|Any CPU
		{376CAF6B-2B77-4678-ABAC-FBB230C27E7B}.Release|ARM.Build.0 = Release|Any CPU
		{376CAF6B-2B77-4678-ABAC-FBB230C27E7B}.Release|x64.ActiveCfg = Release|Any CPU
		{376CAF6B-2B77-4678-ABAC-FBB230C27E7B}.Release|x64.Build.0 = Release|Any CPU
		{376CAF6B-2B77-4678-ABAC-FBB230C27E7B}.Release|x86.ActiveCfg = Release|Any CPU
		{376CAF6B-2B77-4678-ABAC-FBB230C27E7B}.Release|x86.Build.0 = Release|Any CPU
		{7B3C51F6-BDC1-4F7A-AD48-96E28AEDBD1E}.Debug|Any CPU.ActiveCfg = Debug|Any CPU
		{7B3C51F6-BDC1-4F7A-AD48-96E28AEDBD1E}.Debug|Any CPU.Build.0 = Debug|Any CPU
		{7B3C51F6-BDC1-4F7A-AD48-96E28AEDBD1E}.Debug|ARM.ActiveCfg = Debug|Any CPU
		{7B3C51F6-BDC1-4F7A-AD48-96E28AEDBD1E}.Debug|ARM.Build.0 = Debug|Any CPU
		{7B3C51F6-BDC1-4F7A-AD48-96E28AEDBD1E}.Debug|x64.ActiveCfg = Debug|Any CPU
		{7B3C51F6-BDC1-4F7A-AD48-96E28AEDBD1E}.Debug|x64.Build.0 = Debug|Any CPU
		{7B3C51F6-BDC1-4F7A-AD48-96E28AEDBD1E}.Debug|x86.ActiveCfg = Debug|Any CPU
		{7B3C51F6-BDC1-4F7A-AD48-96E28AEDBD1E}.Debug|x86.Build.0 = Debug|Any CPU
		{7B3C51F6-BDC1-4F7A-AD48-96E28AEDBD1E}.Release|Any CPU.ActiveCfg = Release|Any CPU
		{7B3C51F6-BDC1-4F7A-AD48-96E28AEDBD1E}.Release|Any CPU.Build.0 = Release|Any CPU
		{7B3C51F6-BDC1-4F7A-AD48-96E28AEDBD1E}.Release|ARM.ActiveCfg = Release|Any CPU
		{7B3C51F6-BDC1-4F7A-AD48-96E28AEDBD1E}.Release|ARM.Build.0 = Release|Any CPU
		{7B3C51F6-BDC1-4F7A-AD48-96E28AEDBD1E}.Release|x64.ActiveCfg = Release|Any CPU
		{7B3C51F6-BDC1-4F7A-AD48-96E28AEDBD1E}.Release|x64.Build.0 = Release|Any CPU
		{7B3C51F6-BDC1-4F7A-AD48-96E28AEDBD1E}.Release|x86.ActiveCfg = Release|Any CPU
		{7B3C51F6-BDC1-4F7A-AD48-96E28AEDBD1E}.Release|x86.Build.0 = Release|Any CPU
		{EAA51324-943B-4CD1-9B91-72AE44346508}.Debug|Any CPU.ActiveCfg = Debug|Any CPU
		{EAA51324-943B-4CD1-9B91-72AE44346508}.Debug|Any CPU.Build.0 = Debug|Any CPU
		{EAA51324-943B-4CD1-9B91-72AE44346508}.Debug|ARM.ActiveCfg = Debug|Any CPU
		{EAA51324-943B-4CD1-9B91-72AE44346508}.Debug|ARM.Build.0 = Debug|Any CPU
		{EAA51324-943B-4CD1-9B91-72AE44346508}.Debug|x64.ActiveCfg = Debug|Any CPU
		{EAA51324-943B-4CD1-9B91-72AE44346508}.Debug|x64.Build.0 = Debug|Any CPU
		{EAA51324-943B-4CD1-9B91-72AE44346508}.Debug|x86.ActiveCfg = Debug|Any CPU
		{EAA51324-943B-4CD1-9B91-72AE44346508}.Debug|x86.Build.0 = Debug|Any CPU
		{EAA51324-943B-4CD1-9B91-72AE44346508}.Release|Any CPU.ActiveCfg = Release|Any CPU
		{EAA51324-943B-4CD1-9B91-72AE44346508}.Release|Any CPU.Build.0 = Release|Any CPU
		{EAA51324-943B-4CD1-9B91-72AE44346508}.Release|ARM.ActiveCfg = Release|Any CPU
		{EAA51324-943B-4CD1-9B91-72AE44346508}.Release|ARM.Build.0 = Release|Any CPU
		{EAA51324-943B-4CD1-9B91-72AE44346508}.Release|x64.ActiveCfg = Release|Any CPU
		{EAA51324-943B-4CD1-9B91-72AE44346508}.Release|x64.Build.0 = Release|Any CPU
		{EAA51324-943B-4CD1-9B91-72AE44346508}.Release|x86.ActiveCfg = Release|Any CPU
		{EAA51324-943B-4CD1-9B91-72AE44346508}.Release|x86.Build.0 = Release|Any CPU
		{A0BA3D2E-8B86-4C5D-8FC5-5D3BF16B390B}.Debug|Any CPU.ActiveCfg = Debug|Any CPU
		{A0BA3D2E-8B86-4C5D-8FC5-5D3BF16B390B}.Debug|Any CPU.Build.0 = Debug|Any CPU
		{A0BA3D2E-8B86-4C5D-8FC5-5D3BF16B390B}.Debug|ARM.ActiveCfg = Debug|Any CPU
		{A0BA3D2E-8B86-4C5D-8FC5-5D3BF16B390B}.Debug|ARM.Build.0 = Debug|Any CPU
		{A0BA3D2E-8B86-4C5D-8FC5-5D3BF16B390B}.Debug|x64.ActiveCfg = Debug|Any CPU
		{A0BA3D2E-8B86-4C5D-8FC5-5D3BF16B390B}.Debug|x64.Build.0 = Debug|Any CPU
		{A0BA3D2E-8B86-4C5D-8FC5-5D3BF16B390B}.Debug|x86.ActiveCfg = Debug|Any CPU
		{A0BA3D2E-8B86-4C5D-8FC5-5D3BF16B390B}.Debug|x86.Build.0 = Debug|Any CPU
		{A0BA3D2E-8B86-4C5D-8FC5-5D3BF16B390B}.Release|Any CPU.ActiveCfg = Release|Any CPU
		{A0BA3D2E-8B86-4C5D-8FC5-5D3BF16B390B}.Release|Any CPU.Build.0 = Release|Any CPU
		{A0BA3D2E-8B86-4C5D-8FC5-5D3BF16B390B}.Release|ARM.ActiveCfg = Release|Any CPU
		{A0BA3D2E-8B86-4C5D-8FC5-5D3BF16B390B}.Release|ARM.Build.0 = Release|Any CPU
		{A0BA3D2E-8B86-4C5D-8FC5-5D3BF16B390B}.Release|x64.ActiveCfg = Release|Any CPU
		{A0BA3D2E-8B86-4C5D-8FC5-5D3BF16B390B}.Release|x64.Build.0 = Release|Any CPU
		{A0BA3D2E-8B86-4C5D-8FC5-5D3BF16B390B}.Release|x86.ActiveCfg = Release|Any CPU
		{A0BA3D2E-8B86-4C5D-8FC5-5D3BF16B390B}.Release|x86.Build.0 = Release|Any CPU
		{5DD8F92A-549E-47A9-A4F5-1EF51CF7DAE6}.Debug|Any CPU.ActiveCfg = Debug|Any CPU
		{5DD8F92A-549E-47A9-A4F5-1EF51CF7DAE6}.Debug|Any CPU.Build.0 = Debug|Any CPU
		{5DD8F92A-549E-47A9-A4F5-1EF51CF7DAE6}.Debug|ARM.ActiveCfg = Debug|Any CPU
		{5DD8F92A-549E-47A9-A4F5-1EF51CF7DAE6}.Debug|ARM.Build.0 = Debug|Any CPU
		{5DD8F92A-549E-47A9-A4F5-1EF51CF7DAE6}.Debug|x64.ActiveCfg = Debug|Any CPU
		{5DD8F92A-549E-47A9-A4F5-1EF51CF7DAE6}.Debug|x64.Build.0 = Debug|Any CPU
		{5DD8F92A-549E-47A9-A4F5-1EF51CF7DAE6}.Debug|x86.ActiveCfg = Debug|Any CPU
		{5DD8F92A-549E-47A9-A4F5-1EF51CF7DAE6}.Debug|x86.Build.0 = Debug|Any CPU
		{5DD8F92A-549E-47A9-A4F5-1EF51CF7DAE6}.Release|Any CPU.ActiveCfg = Release|Any CPU
		{5DD8F92A-549E-47A9-A4F5-1EF51CF7DAE6}.Release|Any CPU.Build.0 = Release|Any CPU
		{5DD8F92A-549E-47A9-A4F5-1EF51CF7DAE6}.Release|ARM.ActiveCfg = Release|Any CPU
		{5DD8F92A-549E-47A9-A4F5-1EF51CF7DAE6}.Release|ARM.Build.0 = Release|Any CPU
		{5DD8F92A-549E-47A9-A4F5-1EF51CF7DAE6}.Release|x64.ActiveCfg = Release|Any CPU
		{5DD8F92A-549E-47A9-A4F5-1EF51CF7DAE6}.Release|x64.Build.0 = Release|Any CPU
		{5DD8F92A-549E-47A9-A4F5-1EF51CF7DAE6}.Release|x86.ActiveCfg = Release|Any CPU
		{5DD8F92A-549E-47A9-A4F5-1EF51CF7DAE6}.Release|x86.Build.0 = Release|Any CPU
		{9069D2A2-4C3D-47A2-B3F9-D08918AF2EFA}.Debug|Any CPU.ActiveCfg = Debug|Any CPU
		{9069D2A2-4C3D-47A2-B3F9-D08918AF2EFA}.Debug|Any CPU.Build.0 = Debug|Any CPU
		{9069D2A2-4C3D-47A2-B3F9-D08918AF2EFA}.Debug|ARM.ActiveCfg = Debug|Any CPU
		{9069D2A2-4C3D-47A2-B3F9-D08918AF2EFA}.Debug|ARM.Build.0 = Debug|Any CPU
		{9069D2A2-4C3D-47A2-B3F9-D08918AF2EFA}.Debug|x64.ActiveCfg = Debug|Any CPU
		{9069D2A2-4C3D-47A2-B3F9-D08918AF2EFA}.Debug|x64.Build.0 = Debug|Any CPU
		{9069D2A2-4C3D-47A2-B3F9-D08918AF2EFA}.Debug|x86.ActiveCfg = Debug|Any CPU
		{9069D2A2-4C3D-47A2-B3F9-D08918AF2EFA}.Debug|x86.Build.0 = Debug|Any CPU
		{9069D2A2-4C3D-47A2-B3F9-D08918AF2EFA}.Release|Any CPU.ActiveCfg = Release|Any CPU
		{9069D2A2-4C3D-47A2-B3F9-D08918AF2EFA}.Release|Any CPU.Build.0 = Release|Any CPU
		{9069D2A2-4C3D-47A2-B3F9-D08918AF2EFA}.Release|ARM.ActiveCfg = Release|Any CPU
		{9069D2A2-4C3D-47A2-B3F9-D08918AF2EFA}.Release|ARM.Build.0 = Release|Any CPU
		{9069D2A2-4C3D-47A2-B3F9-D08918AF2EFA}.Release|x64.ActiveCfg = Release|Any CPU
		{9069D2A2-4C3D-47A2-B3F9-D08918AF2EFA}.Release|x64.Build.0 = Release|Any CPU
		{9069D2A2-4C3D-47A2-B3F9-D08918AF2EFA}.Release|x86.ActiveCfg = Release|Any CPU
		{9069D2A2-4C3D-47A2-B3F9-D08918AF2EFA}.Release|x86.Build.0 = Release|Any CPU
		{C5F34377-97D2-4ABD-94C4-7A1F3FDB11DA}.Debug|Any CPU.ActiveCfg = Debug|Any CPU
		{C5F34377-97D2-4ABD-94C4-7A1F3FDB11DA}.Debug|Any CPU.Build.0 = Debug|Any CPU
		{C5F34377-97D2-4ABD-94C4-7A1F3FDB11DA}.Debug|ARM.ActiveCfg = Debug|Any CPU
		{C5F34377-97D2-4ABD-94C4-7A1F3FDB11DA}.Debug|ARM.Build.0 = Debug|Any CPU
		{C5F34377-97D2-4ABD-94C4-7A1F3FDB11DA}.Debug|x64.ActiveCfg = Debug|Any CPU
		{C5F34377-97D2-4ABD-94C4-7A1F3FDB11DA}.Debug|x64.Build.0 = Debug|Any CPU
		{C5F34377-97D2-4ABD-94C4-7A1F3FDB11DA}.Debug|x86.ActiveCfg = Debug|Any CPU
		{C5F34377-97D2-4ABD-94C4-7A1F3FDB11DA}.Debug|x86.Build.0 = Debug|Any CPU
		{C5F34377-97D2-4ABD-94C4-7A1F3FDB11DA}.Release|Any CPU.ActiveCfg = Release|Any CPU
		{C5F34377-97D2-4ABD-94C4-7A1F3FDB11DA}.Release|Any CPU.Build.0 = Release|Any CPU
		{C5F34377-97D2-4ABD-94C4-7A1F3FDB11DA}.Release|ARM.ActiveCfg = Release|Any CPU
		{C5F34377-97D2-4ABD-94C4-7A1F3FDB11DA}.Release|ARM.Build.0 = Release|Any CPU
		{C5F34377-97D2-4ABD-94C4-7A1F3FDB11DA}.Release|x64.ActiveCfg = Release|Any CPU
		{C5F34377-97D2-4ABD-94C4-7A1F3FDB11DA}.Release|x64.Build.0 = Release|Any CPU
		{C5F34377-97D2-4ABD-94C4-7A1F3FDB11DA}.Release|x86.ActiveCfg = Release|Any CPU
		{C5F34377-97D2-4ABD-94C4-7A1F3FDB11DA}.Release|x86.Build.0 = Release|Any CPU
		{AA3F29FA-AE47-4067-B3D3-A718F920688E}.Debug|Any CPU.ActiveCfg = Debug|Any CPU
		{AA3F29FA-AE47-4067-B3D3-A718F920688E}.Debug|Any CPU.Build.0 = Debug|Any CPU
		{AA3F29FA-AE47-4067-B3D3-A718F920688E}.Debug|ARM.ActiveCfg = Debug|Any CPU
		{AA3F29FA-AE47-4067-B3D3-A718F920688E}.Debug|ARM.Build.0 = Debug|Any CPU
		{AA3F29FA-AE47-4067-B3D3-A718F920688E}.Debug|x64.ActiveCfg = Debug|Any CPU
		{AA3F29FA-AE47-4067-B3D3-A718F920688E}.Debug|x64.Build.0 = Debug|Any CPU
		{AA3F29FA-AE47-4067-B3D3-A718F920688E}.Debug|x86.ActiveCfg = Debug|Any CPU
		{AA3F29FA-AE47-4067-B3D3-A718F920688E}.Debug|x86.Build.0 = Debug|Any CPU
		{AA3F29FA-AE47-4067-B3D3-A718F920688E}.Release|Any CPU.ActiveCfg = Release|Any CPU
		{AA3F29FA-AE47-4067-B3D3-A718F920688E}.Release|Any CPU.Build.0 = Release|Any CPU
		{AA3F29FA-AE47-4067-B3D3-A718F920688E}.Release|ARM.ActiveCfg = Release|Any CPU
		{AA3F29FA-AE47-4067-B3D3-A718F920688E}.Release|ARM.Build.0 = Release|Any CPU
		{AA3F29FA-AE47-4067-B3D3-A718F920688E}.Release|x64.ActiveCfg = Release|Any CPU
		{AA3F29FA-AE47-4067-B3D3-A718F920688E}.Release|x64.Build.0 = Release|Any CPU
		{AA3F29FA-AE47-4067-B3D3-A718F920688E}.Release|x86.ActiveCfg = Release|Any CPU
		{AA3F29FA-AE47-4067-B3D3-A718F920688E}.Release|x86.Build.0 = Release|Any CPU
		{2A605643-57A1-4D5D-AEE7-D2B98ED670C4}.Debug|Any CPU.ActiveCfg = Debug|Any CPU
		{2A605643-57A1-4D5D-AEE7-D2B98ED670C4}.Debug|Any CPU.Build.0 = Debug|Any CPU
		{2A605643-57A1-4D5D-AEE7-D2B98ED670C4}.Debug|ARM.ActiveCfg = Debug|Any CPU
		{2A605643-57A1-4D5D-AEE7-D2B98ED670C4}.Debug|ARM.Build.0 = Debug|Any CPU
		{2A605643-57A1-4D5D-AEE7-D2B98ED670C4}.Debug|x64.ActiveCfg = Debug|Any CPU
		{2A605643-57A1-4D5D-AEE7-D2B98ED670C4}.Debug|x64.Build.0 = Debug|Any CPU
		{2A605643-57A1-4D5D-AEE7-D2B98ED670C4}.Debug|x86.ActiveCfg = Debug|Any CPU
		{2A605643-57A1-4D5D-AEE7-D2B98ED670C4}.Debug|x86.Build.0 = Debug|Any CPU
		{2A605643-57A1-4D5D-AEE7-D2B98ED670C4}.Release|Any CPU.ActiveCfg = Release|Any CPU
		{2A605643-57A1-4D5D-AEE7-D2B98ED670C4}.Release|Any CPU.Build.0 = Release|Any CPU
		{2A605643-57A1-4D5D-AEE7-D2B98ED670C4}.Release|ARM.ActiveCfg = Release|Any CPU
		{2A605643-57A1-4D5D-AEE7-D2B98ED670C4}.Release|ARM.Build.0 = Release|Any CPU
		{2A605643-57A1-4D5D-AEE7-D2B98ED670C4}.Release|x64.ActiveCfg = Release|Any CPU
		{2A605643-57A1-4D5D-AEE7-D2B98ED670C4}.Release|x64.Build.0 = Release|Any CPU
		{2A605643-57A1-4D5D-AEE7-D2B98ED670C4}.Release|x86.ActiveCfg = Release|Any CPU
		{2A605643-57A1-4D5D-AEE7-D2B98ED670C4}.Release|x86.Build.0 = Release|Any CPU
		{173B4F41-7C8D-4AB2-AA23-A3798A241DDE}.Debug|Any CPU.ActiveCfg = Debug|Any CPU
		{173B4F41-7C8D-4AB2-AA23-A3798A241DDE}.Debug|Any CPU.Build.0 = Debug|Any CPU
		{173B4F41-7C8D-4AB2-AA23-A3798A241DDE}.Debug|ARM.ActiveCfg = Debug|Any CPU
		{173B4F41-7C8D-4AB2-AA23-A3798A241DDE}.Debug|ARM.Build.0 = Debug|Any CPU
		{173B4F41-7C8D-4AB2-AA23-A3798A241DDE}.Debug|x64.ActiveCfg = Debug|Any CPU
		{173B4F41-7C8D-4AB2-AA23-A3798A241DDE}.Debug|x64.Build.0 = Debug|Any CPU
		{173B4F41-7C8D-4AB2-AA23-A3798A241DDE}.Debug|x86.ActiveCfg = Debug|Any CPU
		{173B4F41-7C8D-4AB2-AA23-A3798A241DDE}.Debug|x86.Build.0 = Debug|Any CPU
		{173B4F41-7C8D-4AB2-AA23-A3798A241DDE}.Release|Any CPU.ActiveCfg = Release|Any CPU
		{173B4F41-7C8D-4AB2-AA23-A3798A241DDE}.Release|Any CPU.Build.0 = Release|Any CPU
		{173B4F41-7C8D-4AB2-AA23-A3798A241DDE}.Release|ARM.ActiveCfg = Release|Any CPU
		{173B4F41-7C8D-4AB2-AA23-A3798A241DDE}.Release|ARM.Build.0 = Release|Any CPU
		{173B4F41-7C8D-4AB2-AA23-A3798A241DDE}.Release|x64.ActiveCfg = Release|Any CPU
		{173B4F41-7C8D-4AB2-AA23-A3798A241DDE}.Release|x64.Build.0 = Release|Any CPU
		{173B4F41-7C8D-4AB2-AA23-A3798A241DDE}.Release|x86.ActiveCfg = Release|Any CPU
		{173B4F41-7C8D-4AB2-AA23-A3798A241DDE}.Release|x86.Build.0 = Release|Any CPU
	EndGlobalSection
	GlobalSection(SolutionProperties) = preSolution
		HideSolutionNode = FALSE
	EndGlobalSection
	GlobalSection(ExtensibilityGlobals) = postSolution
		SolutionGuid = {AC72EEAB-6204-4387-970D-85FAA8C49F08}
		VisualSVNWorkingCopyRoot = .
	EndGlobalSection
EndGlobal
