
Microsoft Visual Studio Solution File, Format Version 12.00
# Visual Studio 15
VisualStudioVersion = 15.0.27428.2043
MinimumVisualStudioVersion = 10.0.40219.1
Project("{FAE04EC0-301F-11D3-BF4B-00C04F79EFBC}") = "Projekt_Ver_2_0", "Projekt_Ver_2_0\Projekt_Ver_2_0.csproj", "{716212A9-5324-40B4-A1AD-9EFDDD371035}"
EndProject
Project("{FAE04EC0-301F-11D3-BF4B-00C04F79EFBC}") = "Projekt.ViewModel", "Projekt.ViewModel\Projekt.ViewModel.csproj", "{92D5DF6D-7B1E-41E3-9DEF-F25A12EB265E}"
EndProject
Project("{FAE04EC0-301F-11D3-BF4B-00C04F79EFBC}") = "Projekt.Model", "Projekt.Model\Projekt.Model.csproj", "{11CFCCFE-F415-44F0-BF06-FDD31F2BC589}"
EndProject
Project("{FAE04EC0-301F-11D3-BF4B-00C04F79EFBC}") = "Projekt.Data", "Projekt.Data\Projekt.Data.csproj", "{D96D7681-7B66-4439-8934-EE5AF90962B5}"
EndProject
Project("{FAE04EC0-301F-11D3-BF4B-00C04F79EFBC}") = "Projekt.CommonInterfaces", "Projekt.CommonInterfaces\Projekt.CommonInterfaces.csproj", "{85EE73DB-B8D7-4213-A147-AAD7072AC44F}"
EndProject
Project("{FAE04EC0-301F-11D3-BF4B-00C04F79EFBC}") = "Projekt.Fillers", "Projekt.Fillers\Projekt.Fillers.csproj", "{4144E44C-8BA3-403F-A7C3-98195A922414}"
EndProject
Project("{FAE04EC0-301F-11D3-BF4B-00C04F79EFBC}") = "Projekt.UnitTest", "Projekt.UnitTest\Projekt.UnitTest.csproj", "{C046AA50-5B1F-4E9A-A326-78A6612F1B48}"
EndProject
Project("{FAE04EC0-301F-11D3-BF4B-00C04F79EFBC}") = "Projekt.Cmd", "Projekt.Cmd\Projekt.Cmd.csproj", "{098A4DB8-480B-4F6F-B45F-D4071D0AACCE}"
EndProject
Global
	GlobalSection(SolutionConfigurationPlatforms) = preSolution
		Debug|Any CPU = Debug|Any CPU
		Release|Any CPU = Release|Any CPU
	EndGlobalSection
	GlobalSection(ProjectConfigurationPlatforms) = postSolution
		{716212A9-5324-40B4-A1AD-9EFDDD371035}.Debug|Any CPU.ActiveCfg = Debug|Any CPU
		{716212A9-5324-40B4-A1AD-9EFDDD371035}.Debug|Any CPU.Build.0 = Debug|Any CPU
		{716212A9-5324-40B4-A1AD-9EFDDD371035}.Release|Any CPU.ActiveCfg = Release|Any CPU
		{716212A9-5324-40B4-A1AD-9EFDDD371035}.Release|Any CPU.Build.0 = Release|Any CPU
		{92D5DF6D-7B1E-41E3-9DEF-F25A12EB265E}.Debug|Any CPU.ActiveCfg = Debug|Any CPU
		{92D5DF6D-7B1E-41E3-9DEF-F25A12EB265E}.Debug|Any CPU.Build.0 = Debug|Any CPU
		{92D5DF6D-7B1E-41E3-9DEF-F25A12EB265E}.Release|Any CPU.ActiveCfg = Release|Any CPU
		{92D5DF6D-7B1E-41E3-9DEF-F25A12EB265E}.Release|Any CPU.Build.0 = Release|Any CPU
		{11CFCCFE-F415-44F0-BF06-FDD31F2BC589}.Debug|Any CPU.ActiveCfg = Debug|Any CPU
		{11CFCCFE-F415-44F0-BF06-FDD31F2BC589}.Debug|Any CPU.Build.0 = Debug|Any CPU
		{11CFCCFE-F415-44F0-BF06-FDD31F2BC589}.Release|Any CPU.ActiveCfg = Release|Any CPU
		{11CFCCFE-F415-44F0-BF06-FDD31F2BC589}.Release|Any CPU.Build.0 = Release|Any CPU
		{D96D7681-7B66-4439-8934-EE5AF90962B5}.Debug|Any CPU.ActiveCfg = Debug|Any CPU
		{D96D7681-7B66-4439-8934-EE5AF90962B5}.Debug|Any CPU.Build.0 = Debug|Any CPU
		{D96D7681-7B66-4439-8934-EE5AF90962B5}.Release|Any CPU.ActiveCfg = Release|Any CPU
		{D96D7681-7B66-4439-8934-EE5AF90962B5}.Release|Any CPU.Build.0 = Release|Any CPU
		{85EE73DB-B8D7-4213-A147-AAD7072AC44F}.Debug|Any CPU.ActiveCfg = Debug|Any CPU
		{85EE73DB-B8D7-4213-A147-AAD7072AC44F}.Debug|Any CPU.Build.0 = Debug|Any CPU
		{85EE73DB-B8D7-4213-A147-AAD7072AC44F}.Release|Any CPU.ActiveCfg = Release|Any CPU
		{85EE73DB-B8D7-4213-A147-AAD7072AC44F}.Release|Any CPU.Build.0 = Release|Any CPU
		{4144E44C-8BA3-403F-A7C3-98195A922414}.Debug|Any CPU.ActiveCfg = Debug|Any CPU
		{4144E44C-8BA3-403F-A7C3-98195A922414}.Debug|Any CPU.Build.0 = Debug|Any CPU
		{4144E44C-8BA3-403F-A7C3-98195A922414}.Release|Any CPU.ActiveCfg = Release|Any CPU
		{4144E44C-8BA3-403F-A7C3-98195A922414}.Release|Any CPU.Build.0 = Release|Any CPU
		{C046AA50-5B1F-4E9A-A326-78A6612F1B48}.Debug|Any CPU.ActiveCfg = Debug|Any CPU
		{C046AA50-5B1F-4E9A-A326-78A6612F1B48}.Debug|Any CPU.Build.0 = Debug|Any CPU
		{C046AA50-5B1F-4E9A-A326-78A6612F1B48}.Release|Any CPU.ActiveCfg = Release|Any CPU
		{C046AA50-5B1F-4E9A-A326-78A6612F1B48}.Release|Any CPU.Build.0 = Release|Any CPU
		{098A4DB8-480B-4F6F-B45F-D4071D0AACCE}.Debug|Any CPU.ActiveCfg = Debug|Any CPU
		{098A4DB8-480B-4F6F-B45F-D4071D0AACCE}.Debug|Any CPU.Build.0 = Debug|Any CPU
		{098A4DB8-480B-4F6F-B45F-D4071D0AACCE}.Release|Any CPU.ActiveCfg = Release|Any CPU
		{098A4DB8-480B-4F6F-B45F-D4071D0AACCE}.Release|Any CPU.Build.0 = Release|Any CPU
	EndGlobalSection
	GlobalSection(SolutionProperties) = preSolution
		HideSolutionNode = FALSE
	EndGlobalSection
	GlobalSection(ExtensibilityGlobals) = postSolution
		SolutionGuid = {AC72EEAB-6204-4387-970D-85FAA8C49F08}
		VisualSVNWorkingCopyRoot = .
	EndGlobalSection
EndGlobal
